// !$*UTF8*$!
{
	archiveVersion = 1;
	classes = {
	};
	objectVersion = 46;
	objects = {

/* Begin PBXBuildFile section */
		15040EE21E729D4F004116DC /* main.m in Sources */ = {isa = PBXBuildFile; fileRef = 15040EE11E729D4F004116DC /* main.m */; };
		15040EE51E729D4F004116DC /* AppDelegate.m in Sources */ = {isa = PBXBuildFile; fileRef = 15040EE41E729D4F004116DC /* AppDelegate.m */; };
		15040EE81E729D4F004116DC /* ViewController.m in Sources */ = {isa = PBXBuildFile; fileRef = 15040EE71E729D4F004116DC /* ViewController.m */; };
		15040EEB1E729D4F004116DC /* Main.storyboard in Resources */ = {isa = PBXBuildFile; fileRef = 15040EE91E729D4F004116DC /* Main.storyboard */; };
		15040EED1E729D4F004116DC /* Assets.xcassets in Resources */ = {isa = PBXBuildFile; fileRef = 15040EEC1E729D4F004116DC /* Assets.xcassets */; };
		15040EF01E729D4F004116DC /* LaunchScreen.storyboard in Resources */ = {isa = PBXBuildFile; fileRef = 15040EEE1E729D4F004116DC /* LaunchScreen.storyboard */; };
		15040EFB1E729D4F004116DC /* simpleTableViewForCode2UITests.m in Sources */ = {isa = PBXBuildFile; fileRef = 15040EFA1E729D4F004116DC /* simpleTableViewForCode2UITests.m */; };
		15040F071E729D85004116DC /* TableViewController.m in Sources */ = {isa = PBXBuildFile; fileRef = 15040F061E729D85004116DC /* TableViewController.m */; };
		15040F291E72A061004116DC /* Algeria.png in Resources */ = {isa = PBXBuildFile; fileRef = 15040F091E72A061004116DC /* Algeria.png */; };
		15040F2A1E72A061004116DC /* Argentina.png in Resources */ = {isa = PBXBuildFile; fileRef = 15040F0A1E72A061004116DC /* Argentina.png */; };
		15040F2B1E72A061004116DC /* Australia.png in Resources */ = {isa = PBXBuildFile; fileRef = 15040F0B1E72A061004116DC /* Australia.png */; };
		15040F2C1E72A061004116DC /* Brazil.png in Resources */ = {isa = PBXBuildFile; fileRef = 15040F0C1E72A061004116DC /* Brazil.png */; };
		15040F2D1E72A061004116DC /* Cameroon.png in Resources */ = {isa = PBXBuildFile; fileRef = 15040F0D1E72A061004116DC /* Cameroon.png */; };
		15040F2E1E72A061004116DC /* Chile.png in Resources */ = {isa = PBXBuildFile; fileRef = 15040F0E1E72A061004116DC /* Chile.png */; };
		15040F2F1E72A061004116DC /* CoteDIvoire.png in Resources */ = {isa = PBXBuildFile; fileRef = 15040F0F1E72A061004116DC /* CoteDIvoire.png */; };
		15040F301E72A061004116DC /* Denmark.png in Resources */ = {isa = PBXBuildFile; fileRef = 15040F101E72A061004116DC /* Denmark.png */; };
		15040F311E72A061004116DC /* England.png in Resources */ = {isa = PBXBuildFile; fileRef = 15040F111E72A061004116DC /* England.png */; };
		15040F321E72A061004116DC /* France.png in Resources */ = {isa = PBXBuildFile; fileRef = 15040F121E72A061004116DC /* France.png */; };
		15040F331E72A061004116DC /* Germany.png in Resources */ = {isa = PBXBuildFile; fileRef = 15040F131E72A061004116DC /* Germany.png */; };
		15040F341E72A061004116DC /* Ghana.png in Resources */ = {isa = PBXBuildFile; fileRef = 15040F141E72A061004116DC /* Ghana.png */; };
		15040F351E72A061004116DC /* Greece.png in Resources */ = {isa = PBXBuildFile; fileRef = 15040F151E72A061004116DC /* Greece.png */; };
		15040F361E72A061004116DC /* Holland.png in Resources */ = {isa = PBXBuildFile; fileRef = 15040F161E72A061004116DC /* Holland.png */; };
		15040F371E72A061004116DC /* Honduras.png in Resources */ = {isa = PBXBuildFile; fileRef = 15040F171E72A061004116DC /* Honduras.png */; };
		15040F381E72A061004116DC /* Italy.png in Resources */ = {isa = PBXBuildFile; fileRef = 15040F181E72A061004116DC /* Italy.png */; };
		15040F391E72A061004116DC /* Japan.png in Resources */ = {isa = PBXBuildFile; fileRef = 15040F191E72A061004116DC /* Japan.png */; };
		15040F3A1E72A061004116DC /* Mexico.png in Resources */ = {isa = PBXBuildFile; fileRef = 15040F1A1E72A061004116DC /* Mexico.png */; };
		15040F3B1E72A061004116DC /* NewZealand.png in Resources */ = {isa = PBXBuildFile; fileRef = 15040F1B1E72A061004116DC /* NewZealand.png */; };
		15040F3C1E72A061004116DC /* Nigeria.png in Resources */ = {isa = PBXBuildFile; fileRef = 15040F1C1E72A061004116DC /* Nigeria.png */; };
		15040F3D1E72A061004116DC /* NorthKorea.png in Resources */ = {isa = PBXBuildFile; fileRef = 15040F1D1E72A061004116DC /* NorthKorea.png */; };
		15040F3E1E72A061004116DC /* Paraguay.png in Resources */ = {isa = PBXBuildFile; fileRef = 15040F1E1E72A061004116DC /* Paraguay.png */; };
		15040F3F1E72A061004116DC /* Portugal.png in Resources */ = {isa = PBXBuildFile; fileRef = 15040F1F1E72A061004116DC /* Portugal.png */; };
		15040F401E72A061004116DC /* Serbia.png in Resources */ = {isa = PBXBuildFile; fileRef = 15040F201E72A061004116DC /* Serbia.png */; };
		15040F411E72A061004116DC /* Slovakia.png in Resources */ = {isa = PBXBuildFile; fileRef = 15040F211E72A061004116DC /* Slovakia.png */; };
		15040F421E72A061004116DC /* Slovenia.png in Resources */ = {isa = PBXBuildFile; fileRef = 15040F221E72A061004116DC /* Slovenia.png */; };
		15040F431E72A061004116DC /* SouthAfrica.png in Resources */ = {isa = PBXBuildFile; fileRef = 15040F231E72A061004116DC /* SouthAfrica.png */; };
		15040F441E72A061004116DC /* SouthKorea.png in Resources */ = {isa = PBXBuildFile; fileRef = 15040F241E72A061004116DC /* SouthKorea.png */; };
		15040F451E72A061004116DC /* Spain.png in Resources */ = {isa = PBXBuildFile; fileRef = 15040F251E72A061004116DC /* Spain.png */; };
		15040F461E72A061004116DC /* Switzerland.png in Resources */ = {isa = PBXBuildFile; fileRef = 15040F261E72A061004116DC /* Switzerland.png */; };
		15040F471E72A061004116DC /* Uruguay.png in Resources */ = {isa = PBXBuildFile; fileRef = 15040F271E72A061004116DC /* Uruguay.png */; };
		15040F481E72A061004116DC /* USA.png in Resources */ = {isa = PBXBuildFile; fileRef = 15040F281E72A061004116DC /* USA.png */; };
		15040F4A1E72AD92004116DC /* team.plist in Resources */ = {isa = PBXBuildFile; fileRef = 15040F491E72AD92004116DC /* team.plist */; };
/* End PBXBuildFile section */

/* Begin PBXContainerItemProxy section */
		15040EF71E729D4F004116DC /* PBXContainerItemProxy */ = {
			isa = PBXContainerItemProxy;
			containerPortal = 15040ED51E729D4F004116DC /* Project object */;
			proxyType = 1;
			remoteGlobalIDString = 15040EDC1E729D4F004116DC;
			remoteInfo = simpleTableViewForCode2;
		};
/* End PBXContainerItemProxy section */

/* Begin PBXFileReference section */
		15040EDD1E729D4F004116DC /* simpleTableViewForCode2.app */ = {isa = PBXFileReference; explicitFileType = wrapper.application; includeInIndex = 0; path = simpleTableViewForCode2.app; sourceTree = BUILT_PRODUCTS_DIR; };
		15040EE11E729D4F004116DC /* main.m */ = {isa = PBXFileReference; lastKnownFileType = sourcecode.c.objc; path = main.m; sourceTree = "<group>"; };
		15040EE31E729D4F004116DC /* AppDelegate.h */ = {isa = PBXFileReference; lastKnownFileType = sourcecode.c.h; path = AppDelegate.h; sourceTree = "<group>"; };
		15040EE41E729D4F004116DC /* AppDelegate.m */ = {isa = PBXFileReference; lastKnownFileType = sourcecode.c.objc; path = AppDelegate.m; sourceTree = "<group>"; };
		15040EE61E729D4F004116DC /* ViewController.h */ = {isa = PBXFileReference; lastKnownFileType = sourcecode.c.h; path = ViewController.h; sourceTree = "<group>"; };
		15040EE71E729D4F004116DC /* ViewController.m */ = {isa = PBXFileReference; lastKnownFileType = sourcecode.c.objc; path = ViewController.m; sourceTree = "<group>"; };
		15040EEA1E729D4F004116DC /* Base */ = {isa = PBXFileReference; lastKnownFileType = file.storyboard; name = Base; path = Base.lproj/Main.storyboard; sourceTree = "<group>"; };
		15040EEC1E729D4F004116DC /* Assets.xcassets */ = {isa = PBXFileReference; lastKnownFileType = folder.assetcatalog; path = Assets.xcassets; sourceTree = "<group>"; };
		15040EEF1E729D4F004116DC /* Base */ = {isa = PBXFileReference; lastKnownFileType = file.storyboard; name = Base; path = Base.lproj/LaunchScreen.storyboard; sourceTree = "<group>"; };
		15040EF11E729D4F004116DC /* Info.plist */ = {isa = PBXFileReference; lastKnownFileType = text.plist.xml; path = Info.plist; sourceTree = "<group>"; };
		15040EF61E729D4F004116DC /* simpleTableViewForCode2UITests.xctest */ = {isa = PBXFileReference; explicitFileType = wrapper.cfbundle; includeInIndex = 0; path = simpleTableViewForCode2UITests.xctest; sourceTree = BUILT_PRODUCTS_DIR; };
		15040EFA1E729D4F004116DC /* simpleTableViewForCode2UITests.m */ = {isa = PBXFileReference; lastKnownFileType = sourcecode.c.objc; path = simpleTableViewForCode2UITests.m; sourceTree = "<group>"; };
		15040EFC1E729D4F004116DC /* Info.plist */ = {isa = PBXFileReference; lastKnownFileType = text.plist.xml; path = Info.plist; sourceTree = "<group>"; };
		15040F051E729D85004116DC /* TableViewController.h */ = {isa = PBXFileReference; fileEncoding = 4; lastKnownFileType = sourcecode.c.h; path = TableViewController.h; sourceTree = "<group>"; };
		15040F061E729D85004116DC /* TableViewController.m */ = {isa = PBXFileReference; fileEncoding = 4; lastKnownFileType = sourcecode.c.objc; path = TableViewController.m; sourceTree = "<group>"; };
		15040F091E72A061004116DC /* Algeria.png */ = {isa = PBXFileReference; lastKnownFileType = image.png; path = Algeria.png; sourceTree = "<group>"; };
		15040F0A1E72A061004116DC /* Argentina.png */ = {isa = PBXFileReference; lastKnownFileType = image.png; path = Argentina.png; sourceTree = "<group>"; };
		15040F0B1E72A061004116DC /* Australia.png */ = {isa = PBXFileReference; lastKnownFileType = image.png; path = Australia.png; sourceTree = "<group>"; };
		15040F0C1E72A061004116DC /* Brazil.png */ = {isa = PBXFileReference; lastKnownFileType = image.png; path = Brazil.png; sourceTree = "<group>"; };
		15040F0D1E72A061004116DC /* Cameroon.png */ = {isa = PBXFileReference; lastKnownFileType = image.png; path = Cameroon.png; sourceTree = "<group>"; };
		15040F0E1E72A061004116DC /* Chile.png */ = {isa = PBXFileReference; lastKnownFileType = image.png; path = Chile.png; sourceTree = "<group>"; };
		15040F0F1E72A061004116DC /* CoteDIvoire.png */ = {isa = PBXFileReference; lastKnownFileType = image.png; path = CoteDIvoire.png; sourceTree = "<group>"; };
		15040F101E72A061004116DC /* Denmark.png */ = {isa = PBXFileReference; lastKnownFileType = image.png; path = Denmark.png; sourceTree = "<group>"; };
		15040F111E72A061004116DC /* England.png */ = {isa = PBXFileReference; lastKnownFileType = image.png; path = England.png; sourceTree = "<group>"; };
		15040F121E72A061004116DC /* France.png */ = {isa = PBXFileReference; lastKnownFileType = image.png; path = France.png; sourceTree = "<group>"; };
		15040F131E72A061004116DC /* Germany.png */ = {isa = PBXFileReference; lastKnownFileType = image.png; path = Germany.png; sourceTree = "<group>"; };
		15040F141E72A061004116DC /* Ghana.png */ = {isa = PBXFileReference; lastKnownFileType = image.png; path = Ghana.png; sourceTree = "<group>"; };
		15040F151E72A061004116DC /* Greece.png */ = {isa = PBXFileReference; lastKnownFileType = image.png; path = Greece.png; sourceTree = "<group>"; };
		15040F161E72A061004116DC /* Holland.png */ = {isa = PBXFileReference; lastKnownFileType = image.png; path = Holland.png; sourceTree = "<group>"; };
		15040F171E72A061004116DC /* Honduras.png */ = {isa = PBXFileReference; lastKnownFileType = image.png; path = Honduras.png; sourceTree = "<group>"; };
		15040F181E72A061004116DC /* Italy.png */ = {isa = PBXFileReference; lastKnownFileType = image.png; path = Italy.png; sourceTree = "<group>"; };
		15040F191E72A061004116DC /* Japan.png */ = {isa = PBXFileReference; lastKnownFileType = image.png; path = Japan.png; sourceTree = "<group>"; };
		15040F1A1E72A061004116DC /* Mexico.png */ = {isa = PBXFileReference; lastKnownFileType = image.png; path = Mexico.png; sourceTree = "<group>"; };
		15040F1B1E72A061004116DC /* NewZealand.png */ = {isa = PBXFileReference; lastKnownFileType = image.png; path = NewZealand.png; sourceTree = "<group>"; };
		15040F1C1E72A061004116DC /* Nigeria.png */ = {isa = PBXFileReference; lastKnownFileType = image.png; path = Nigeria.png; sourceTree = "<group>"; };
		15040F1D1E72A061004116DC /* NorthKorea.png */ = {isa = PBXFileReference; lastKnownFileType = image.png; path = NorthKorea.png; sourceTree = "<group>"; };
		15040F1E1E72A061004116DC /* Paraguay.png */ = {isa = PBXFileReference; lastKnownFileType = image.png; path = Paraguay.png; sourceTree = "<group>"; };
		15040F1F1E72A061004116DC /* Portugal.png */ = {isa = PBXFileReference; lastKnownFileType = image.png; path = Portugal.png; sourceTree = "<group>"; };
		15040F201E72A061004116DC /* Serbia.png */ = {isa = PBXFileReference; lastKnownFileType = image.png; path = Serbia.png; sourceTree = "<group>"; };
		15040F211E72A061004116DC /* Slovakia.png */ = {isa = PBXFileReference; lastKnownFileType = image.png; path = Slovakia.png; sourceTree = "<group>"; };
		15040F221E72A061004116DC /* Slovenia.png */ = {isa = PBXFileReference; lastKnownFileType = image.png; path = Slovenia.png; sourceTree = "<group>"; };
		15040F231E72A061004116DC /* SouthAfrica.png */ = {isa = PBXFileReference; lastKnownFileType = image.png; path = SouthAfrica.png; sourceTree = "<group>"; };
		15040F241E72A061004116DC /* SouthKorea.png */ = {isa = PBXFileReference; lastKnownFileType = image.png; path = SouthKorea.png; sourceTree = "<group>"; };
		15040F251E72A061004116DC /* Spain.png */ = {isa = PBXFileReference; lastKnownFileType = image.png; path = Spain.png; sourceTree = "<group>"; };
		15040F261E72A061004116DC /* Switzerland.png */ = {isa = PBXFileReference; lastKnownFileType = image.png; path = Switzerland.png; sourceTree = "<group>"; };
		15040F271E72A061004116DC /* Uruguay.png */ = {isa = PBXFileReference; lastKnownFileType = image.png; path = Uruguay.png; sourceTree = "<group>"; };
		15040F281E72A061004116DC /* USA.png */ = {isa = PBXFileReference; lastKnownFileType = image.png; path = USA.png; sourceTree = "<group>"; };
		15040F491E72AD92004116DC /* team.plist */ = {isa = PBXFileReference; fileEncoding = 4; lastKnownFileType = text.plist.xml; name = team.plist; path = "../../../iOS开发指南第2版代码/code/ch04/4.2.1 SimpleTable/SimpleTable/team.plist"; sourceTree = "<group>"; };
/* End PBXFileReference section */

/* Begin PBXFrameworksBuildPhase section */
		15040EDA1E729D4F004116DC /* Frameworks */ = {
			isa = PBXFrameworksBuildPhase;
			buildActionMask = 2147483647;
			files = (
			);
			runOnlyForDeploymentPostprocessing = 0;
		};
		15040EF31E729D4F004116DC /* Frameworks */ = {
			isa = PBXFrameworksBuildPhase;
			buildActionMask = 2147483647;
			files = (
			);
			runOnlyForDeploymentPostprocessing = 0;
		};
/* End PBXFrameworksBuildPhase section */

/* Begin PBXGroup section */
		15040ED41E729D4F004116DC = {
			isa = PBXGroup;
			children = (
				15040EDF1E729D4F004116DC /* simpleTableViewForCode2 */,
				15040EF91E729D4F004116DC /* simpleTableViewForCode2UITests */,
				15040EDE1E729D4F004116DC /* Products */,
			);
			sourceTree = "<group>";
		};
		15040EDE1E729D4F004116DC /* Products */ = {
			isa = PBXGroup;
			children = (
				15040EDD1E729D4F004116DC /* simpleTableViewForCode2.app */,
				15040EF61E729D4F004116DC /* simpleTableViewForCode2UITests.xctest */,
			);
			name = Products;
			sourceTree = "<group>";
		};
		15040EDF1E729D4F004116DC /* simpleTableViewForCode2 */ = {
			isa = PBXGroup;
			children = (
				15040EE31E729D4F004116DC /* AppDelegate.h */,
				15040EE41E729D4F004116DC /* AppDelegate.m */,
				15040EE61E729D4F004116DC /* ViewController.h */,
				15040EE71E729D4F004116DC /* ViewController.m */,
				15040F051E729D85004116DC /* TableViewController.h */,
				15040F061E729D85004116DC /* TableViewController.m */,
				15040F491E72AD92004116DC /* team.plist */,
				15040F081E72A061004116DC /* 球队图片 */,
				15040EE91E729D4F004116DC /* Main.storyboard */,
				15040EEC1E729D4F004116DC /* Assets.xcassets */,
				15040EEE1E729D4F004116DC /* LaunchScreen.storyboard */,
				15040EF11E729D4F004116DC /* Info.plist */,
				15040EE01E729D4F004116DC /* Supporting Files */,
			);
			path = simpleTableViewForCode2;
			sourceTree = "<group>";
		};
		15040EE01E729D4F004116DC /* Supporting Files */ = {
			isa = PBXGroup;
			children = (
				15040EE11E729D4F004116DC /* main.m */,
			);
			name = "Supporting Files";
			sourceTree = "<group>";
		};
		15040EF91E729D4F004116DC /* simpleTableViewForCode2UITests */ = {
			isa = PBXGroup;
			children = (
				15040EFA1E729D4F004116DC /* simpleTableViewForCode2UITests.m */,
				15040EFC1E729D4F004116DC /* Info.plist */,
			);
			path = simpleTableViewForCode2UITests;
			sourceTree = "<group>";
		};
		15040F081E72A061004116DC /* 球队图片 */ = {
			isa = PBXGroup;
			children = (
				15040F091E72A061004116DC /* Algeria.png */,
				15040F0A1E72A061004116DC /* Argentina.png */,
				15040F0B1E72A061004116DC /* Australia.png */,
				15040F0C1E72A061004116DC /* Brazil.png */,
				15040F0D1E72A061004116DC /* Cameroon.png */,
				15040F0E1E72A061004116DC /* Chile.png */,
				15040F0F1E72A061004116DC /* CoteDIvoire.png */,
				15040F101E72A061004116DC /* Denmark.png */,
				15040F111E72A061004116DC /* England.png */,
				15040F121E72A061004116DC /* France.png */,
				15040F131E72A061004116DC /* Germany.png */,
				15040F141E72A061004116DC /* Ghana.png */,
				15040F151E72A061004116DC /* Greece.png */,
				15040F161E72A061004116DC /* Holland.png */,
				15040F171E72A061004116DC /* Honduras.png */,
				15040F181E72A061004116DC /* Italy.png */,
				15040F191E72A061004116DC /* Japan.png */,
				15040F1A1E72A061004116DC /* Mexico.png */,
				15040F1B1E72A061004116DC /* NewZealand.png */,
				15040F1C1E72A061004116DC /* Nigeria.png */,
				15040F1D1E72A061004116DC /* NorthKorea.png */,
				15040F1E1E72A061004116DC /* Paraguay.png */,
				15040F1F1E72A061004116DC /* Portugal.png */,
				15040F201E72A061004116DC /* Serbia.png */,
				15040F211E72A061004116DC /* Slovakia.png */,
				15040F221E72A061004116DC /* Slovenia.png */,
				15040F231E72A061004116DC /* SouthAfrica.png */,
				15040F241E72A061004116DC /* SouthKorea.png */,
				15040F251E72A061004116DC /* Spain.png */,
				15040F261E72A061004116DC /* Switzerland.png */,
				15040F271E72A061004116DC /* Uruguay.png */,
				15040F281E72A061004116DC /* USA.png */,
			);
			name = "球队图片";
			path = "../../../iOS开发指南第2版代码/code/ch04/4.2.1 SimpleTable/球队图片";
			sourceTree = "<group>";
		};
/* End PBXGroup section */

/* Begin PBXNativeTarget section */
		15040EDC1E729D4F004116DC /* simpleTableViewForCode2 */ = {
			isa = PBXNativeTarget;
			buildConfigurationList = 15040EFF1E729D4F004116DC /* Build configuration list for PBXNativeTarget "simpleTableViewForCode2" */;
			buildPhases = (
				15040ED91E729D4F004116DC /* Sources */,
				15040EDA1E729D4F004116DC /* Frameworks */,
				15040EDB1E729D4F004116DC /* Resources */,
			);
			buildRules = (
			);
			dependencies = (
			);
			name = simpleTableViewForCode2;
			productName = simpleTableViewForCode2;
			productReference = 15040EDD1E729D4F004116DC /* simpleTableViewForCode2.app */;
			productType = "com.apple.product-type.application";
		};
		15040EF51E729D4F004116DC /* simpleTableViewForCode2UITests */ = {
			isa = PBXNativeTarget;
			buildConfigurationList = 15040F021E729D4F004116DC /* Build configuration list for PBXNativeTarget "simpleTableViewForCode2UITests" */;
			buildPhases = (
				15040EF21E729D4F004116DC /* Sources */,
				15040EF31E729D4F004116DC /* Frameworks */,
				15040EF41E729D4F004116DC /* Resources */,
			);
			buildRules = (
			);
			dependencies = (
				15040EF81E729D4F004116DC /* PBXTargetDependency */,
			);
			name = simpleTableViewForCode2UITests;
			productName = simpleTableViewForCode2UITests;
			productReference = 15040EF61E729D4F004116DC /* simpleTableViewForCode2UITests.xctest */;
			productType = "com.apple.product-type.bundle.ui-testing";
		};
/* End PBXNativeTarget section */

/* Begin PBXProject section */
		15040ED51E729D4F004116DC /* Project object */ = {
			isa = PBXProject;
			attributes = {
				LastUpgradeCheck = 0810;
				ORGANIZATIONNAME = BigNerdRanch;
				TargetAttributes = {
					15040EDC1E729D4F004116DC = {
						CreatedOnToolsVersion = 8.1;
						DevelopmentTeam = X2C2HEP8AC;
						ProvisioningStyle = Automatic;
					};
					15040EF51E729D4F004116DC = {
						CreatedOnToolsVersion = 8.1;
						DevelopmentTeam = X2C2HEP8AC;
						ProvisioningStyle = Automatic;
						TestTargetID = 15040EDC1E729D4F004116DC;
					};
				};
			};
			buildConfigurationList = 15040ED81E729D4F004116DC /* Build configuration list for PBXProject "simpleTableViewForCode2" */;
			compatibilityVersion = "Xcode 3.2";
			developmentRegion = English;
			hasScannedForEncodings = 0;
			knownRegions = (
				en,
				Base,
			);
			mainGroup = 15040ED41E729D4F004116DC;
			productRefGroup = 15040EDE1E729D4F004116DC /* Products */;
			projectDirPath = "";
			projectRoot = "";
			targets = (
				15040EDC1E729D4F004116DC /* simpleTableViewForCode2 */,
				15040EF51E729D4F004116DC /* simpleTableViewForCode2UITests */,
			);
		};
/* End PBXProject section */

/* Begin PBXResourcesBuildPhase section */
		15040EDB1E729D4F004116DC /* Resources */ = {
			isa = PBXResourcesBuildPhase;
			buildActionMask = 2147483647;
			files = (
				15040F481E72A061004116DC /* USA.png in Resources */,
				15040EF01E729D4F004116DC /* LaunchScreen.storyboard in Resources */,
				15040F2A1E72A061004116DC /* Argentina.png in Resources */,
				15040F471E72A061004116DC /* Uruguay.png in Resources */,
				15040F381E72A061004116DC /* Italy.png in Resources */,
				15040F3F1E72A061004116DC /* Portugal.png in Resources */,
				15040F361E72A061004116DC /* Holland.png in Resources */,
				15040F2B1E72A061004116DC /* Australia.png in Resources */,
				15040F331E72A061004116DC /* Germany.png in Resources */,
				15040F3D1E72A061004116DC /* NorthKorea.png in Resources */,
				15040F311E72A061004116DC /* England.png in Resources */,
				15040F301E72A061004116DC /* Denmark.png in Resources */,
				15040F461E72A061004116DC /* Switzerland.png in Resources */,
				15040F401E72A061004116DC /* Serbia.png in Resources */,
				15040F371E72A061004116DC /* Honduras.png in Resources */,
				15040F3C1E72A061004116DC /* Nigeria.png in Resources */,
				15040F411E72A061004116DC /* Slovakia.png in Resources */,
				15040F441E72A061004116DC /* SouthKorea.png in Resources */,
				15040F3A1E72A061004116DC /* Mexico.png in Resources */,
				15040F4A1E72AD92004116DC /* team.plist in Resources */,
				15040F2D1E72A061004116DC /* Cameroon.png in Resources */,
				15040F391E72A061004116DC /* Japan.png in Resources */,
				15040EED1E729D4F004116DC /* Assets.xcassets in Resources */,
				15040F351E72A061004116DC /* Greece.png in Resources */,
				15040F3B1E72A061004116DC /* NewZealand.png in Resources */,
				15040F321E72A061004116DC /* France.png in Resources */,
				15040EEB1E729D4F004116DC /* Main.storyboard in Resources */,
				15040F451E72A061004116DC /* Spain.png in Resources */,
				15040F2C1E72A061004116DC /* Brazil.png in Resources */,
				15040F341E72A061004116DC /* Ghana.png in Resources */,
				15040F2F1E72A061004116DC /* CoteDIvoire.png in Resources */,
				15040F2E1E72A061004116DC /* Chile.png in Resources */,
				15040F291E72A061004116DC /* Algeria.png in Resources */,
				15040F431E72A061004116DC /* SouthAfrica.png in Resources */,
				15040F421E72A061004116DC /* Slovenia.png in Resources */,
				15040F3E1E72A061004116DC /* Paraguay.png in Resources */,
			);
			runOnlyForDeploymentPostprocessing = 0;
		};
		15040EF41E729D4F004116DC /* Resources */ = {
			isa = PBXResourcesBuildPhase;
			buildActionMask = 2147483647;
			files = (
			);
			runOnlyForDeploymentPostprocessing = 0;
		};
/* End PBXResourcesBuildPhase section */

/* Begin PBXSourcesBuildPhase section */
		15040ED91E729D4F004116DC /* Sources */ = {
			isa = PBXSourcesBuildPhase;
			buildActionMask = 2147483647;
			files = (
				15040EE81E729D4F004116DC /* ViewController.m in Sources */,
				15040EE51E729D4F004116DC /* AppDelegate.m in Sources */,
				15040EE21E729D4F004116DC /* main.m in Sources */,
				15040F071E729D85004116DC /* TableViewController.m in Sources */,
			);
			runOnlyForDeploymentPostprocessing = 0;
		};
		15040EF21E729D4F004116DC /* Sources */ = {
			isa = PBXSourcesBuildPhase;
			buildActionMask = 2147483647;
			files = (
				15040EFB1E729D4F004116DC /* simpleTableViewForCode2UITests.m in Sources */,
			);
			runOnlyForDeploymentPostprocessing = 0;
		};
/* End PBXSourcesBuildPhase section */

/* Begin PBXTargetDependency section */
		15040EF81E729D4F004116DC /* PBXTargetDependency */ = {
			isa = PBXTargetDependency;
			target = 15040EDC1E729D4F004116DC /* simpleTableViewForCode2 */;
			targetProxy = 15040EF71E729D4F004116DC /* PBXContainerItemProxy */;
		};
/* End PBXTargetDependency section */

/* Begin PBXVariantGroup section */
		15040EE91E729D4F004116DC /* Main.storyboard */ = {
			isa = PBXVariantGroup;
			children = (
				15040EEA1E729D4F004116DC /* Base */,
			);
			name = Main.storyboard;
			sourceTree = "<group>";
		};
		15040EEE1E729D4F004116DC /* LaunchScreen.storyboard */ = {
			isa = PBXVariantGroup;
			children = (
				15040EEF1E729D4F004116DC /* Base */,
			);
			name = LaunchScreen.storyboard;
			sourceTree = "<group>";
		};
/* End PBXVariantGroup section */

/* Begin XCBuildConfiguration section */
		15040EFD1E729D4F004116DC /* Debug */ = {
			isa = XCBuildConfiguration;
			buildSettings = {
				ALWAYS_SEARCH_USER_PATHS = NO;
				CLANG_ANALYZER_NONNULL = YES;
				CLANG_CXX_LANGUAGE_STANDARD = "gnu++0x";
				CLANG_CXX_LIBRARY = "libc++";
				CLANG_ENABLE_MODULES = YES;
				CLANG_ENABLE_OBJC_ARC = YES;
				CLANG_WARN_BOOL_CONVERSION = YES;
				CLANG_WARN_CONSTANT_CONVERSION = YES;
				CLANG_WARN_DIRECT_OBJC_ISA_USAGE = YES_ERROR;
				CLANG_WARN_DOCUMENTATION_COMMENTS = YES;
				CLANG_WARN_EMPTY_BODY = YES;
				CLANG_WARN_ENUM_CONVERSION = YES;
				CLANG_WARN_INFINITE_RECURSION = YES;
				CLANG_WARN_INT_CONVERSION = YES;
				CLANG_WARN_OBJC_ROOT_CLASS = YES_ERROR;
				CLANG_WARN_SUSPICIOUS_MOVES = YES;
				CLANG_WARN_UNREACHABLE_CODE = YES;
				CLANG_WARN__DUPLICATE_METHOD_MATCH = YES;
				"CODE_SIGN_IDENTITY[sdk=iphoneos*]" = "iPhone Developer";
				COPY_PHASE_STRIP = NO;
				DEBUG_INFORMATION_FORMAT = dwarf;
				ENABLE_STRICT_OBJC_MSGSEND = YES;
				ENABLE_TESTABILITY = YES;
				GCC_C_LANGUAGE_STANDARD = gnu99;
				GCC_DYNAMIC_NO_PIC = NO;
				GCC_NO_COMMON_BLOCKS = YES;
				GCC_OPTIMIZATION_LEVEL = 0;
				GCC_PREPROCESSOR_DEFINITIONS = (
					"DEBUG=1",
					"$(inherited)",
				);
				GCC_WARN_64_TO_32_BIT_CONVERSION = YES;
				GCC_WARN_ABOUT_RETURN_TYPE = YES_ERROR;
				GCC_WARN_UNDECLARED_SELECTOR = YES;
				GCC_WARN_UNINITIALIZED_AUTOS = YES_AGGRESSIVE;
				GCC_WARN_UNUSED_FUNCTION = YES;
				GCC_WARN_UNUSED_VARIABLE = YES;
				IPHONEOS_DEPLOYMENT_TARGET = 10.1;
				MTL_ENABLE_DEBUG_INFO = YES;
				ONLY_ACTIVE_ARCH = YES;
				SDKROOT = iphoneos;
			};
			name = Debug;
		};
		15040EFE1E729D4F004116DC /* Release */ = {
			isa = XCBuildConfiguration;
			buildSettings = {
				ALWAYS_SEARCH_USER_PATHS = NO;
				CLANG_ANALYZER_NONNULL = YES;
				CLANG_CXX_LANGUAGE_STANDARD = "gnu++0x";
				CLANG_CXX_LIBRARY = "libc++";
				CLANG_ENABLE_MODULES = YES;
				CLANG_ENABLE_OBJC_ARC = YES;
				CLANG_WARN_BOOL_CONVERSION = YES;
				CLANG_WARN_CONSTANT_CONVERSION = YES;
				CLANG_WARN_DIRECT_OBJC_ISA_USAGE = YES_ERROR;
				CLANG_WARN_DOCUMENTATION_COMMENTS = YES;
				CLANG_WARN_EMPTY_BODY = YES;
				CLANG_WARN_ENUM_CONVERSION = YES;
				CLANG_WARN_INFINITE_RECURSION = YES;
				CLANG_WARN_INT_CONVERSION = YES;
				CLANG_WARN_OBJC_ROOT_CLASS = YES_ERROR;
				CLANG_WARN_SUSPICIOUS_MOVES = YES;
				CLANG_WARN_UNREACHABLE_CODE = YES;
				CLANG_WARN__DUPLICATE_METHOD_MATCH = YES;
				"CODE_SIGN_IDENTITY[sdk=iphoneos*]" = "iPhone Developer";
				COPY_PHASE_STRIP = NO;
				DEBUG_INFORMATION_FORMAT = "dwarf-with-dsym";
				ENABLE_NS_ASSERTIONS = NO;
				ENABLE_STRICT_OBJC_MSGSEND = YES;
				GCC_C_LANGUAGE_STANDARD = gnu99;
				GCC_NO_COMMON_BLOCKS = YES;
				GCC_WARN_64_TO_32_BIT_CONVERSION = YES;
				GCC_WARN_ABOUT_RETURN_TYPE = YES_ERROR;
				GCC_WARN_UNDECLARED_SELECTOR = YES;
				GCC_WARN_UNINITIALIZED_AUTOS = YES_AGGRESSIVE;
				GCC_WARN_UNUSED_FUNCTION = YES;
				GCC_WARN_UNUSED_VARIABLE = YES;
				IPHONEOS_DEPLOYMENT_TARGET = 10.1;
				MTL_ENABLE_DEBUG_INFO = NO;
				SDKROOT = iphoneos;
				VALIDATE_PRODUCT = YES;
			};
			name = Release;
		};
		15040F001E729D4F004116DC /* Debug */ = {
			isa = XCBuildConfiguration;
			buildSettings = {
				ASSETCATALOG_COMPILER_APPICON_NAME = AppIcon;
				DEVELOPMENT_TEAM = X2C2HEP8AC;
				INFOPLIST_FILE = simpleTableViewForCode2/Info.plist;
				LD_RUNPATH_SEARCH_PATHS = "$(inherited) @executable_path/Frameworks";
				PRODUCT_BUNDLE_IDENTIFIER = com.bignerdranch.simpleTableViewForCode2;
				PRODUCT_NAME = "$(TARGET_NAME)";
			};
			name = Debug;
		};
		15040F011E729D4F004116DC /* Release */ = {
			isa = XCBuildConfiguration;
			buildSettings = {
				ASSETCATALOG_COMPILER_APPICON_NAME = AppIcon;
				DEVELOPMENT_TEAM = X2C2HEP8AC;
				INFOPLIST_FILE = simpleTableViewForCode2/Info.plist;
				LD_RUNPATH_SEARCH_PATHS = "$(inherited) @executable_path/Frameworks";
				PRODUCT_BUNDLE_IDENTIFIER = com.bignerdranch.simpleTableViewForCode2;
				PRODUCT_NAME = "$(TARGET_NAME)";
			};
			name = Release;
		};
		15040F031E729D4F004116DC /* Debug */ = {
			isa = XCBuildConfiguration;
			buildSettings = {
				DEVELOPMENT_TEAM = X2C2HEP8AC;
				INFOPLIST_FILE = simpleTableViewForCode2UITests/Info.plist;
				LD_RUNPATH_SEARCH_PATHS = "$(inherited) @executable_path/Frameworks @loader_path/Frameworks";
				PRODUCT_BUNDLE_IDENTIFIER = com.bignerdranch.simpleTableViewForCode2UITests;
				PRODUCT_NAME = "$(TARGET_NAME)";
				TEST_TARGET_NAME = simpleTableViewForCode2;
			};
			name = Debug;
		};
		15040F041E729D4F004116DC /* Release */ = {
			isa = XCBuildConfiguration;
			buildSettings = {
				DEVELOPMENT_TEAM = X2C2HEP8AC;
				INFOPLIST_FILE = simpleTableViewForCode2UITests/Info.plist;
				LD_RUNPATH_SEARCH_PATHS = "$(inherited) @executable_path/Frameworks @loader_path/Frameworks";
				PRODUCT_BUNDLE_IDENTIFIER = com.bignerdranch.simpleTableViewForCode2UITests;
				PRODUCT_NAME = "$(TARGET_NAME)";
				TEST_TARGET_NAME = simpleTableViewForCode2;
			};
			name = Release;
		};
/* End XCBuildConfiguration section */

/* Begin XCConfigurationList section */
		15040ED81E729D4F004116DC /* Build configuration list for PBXProject "simpleTableViewForCode2" */ = {
			isa = XCConfigurationList;
			buildConfigurations = (
				15040EFD1E729D4F004116DC /* Debug */,
				15040EFE1E729D4F004116DC /* Release */,
			);
			defaultConfigurationIsVisible = 0;
			defaultConfigurationName = Release;
		};
		15040EFF1E729D4F004116DC /* Build configuration list for PBXNativeTarget "simpleTableViewForCode2" */ = {
			isa = XCConfigurationList;
			buildConfigurations = (
				15040F001E729D4F004116DC /* Debug */,
				15040F011E729D4F004116DC /* Release */,
			);
			defaultConfigurationIsVisible = 0;
		};
		15040F021E729D4F004116DC /* Build configuration list for PBXNativeTarget "simpleTableViewForCode2UITests" */ = {
			isa = XCConfigurationList;
			buildConfigurations = (
				15040F031E729D4F004116DC /* Debug */,
				15040F041E729D4F004116DC /* Release */,
			);
			defaultConfigurationIsVisible = 0;
		};
/* End XCConfigurationList section */
	};
	rootObject = 15040ED51E729D4F004116DC /* Project object */;
}
